// !$*UTF8*$!
{
	archiveVersion = 1;
	classes = {
	};
	objectVersion = 46;
	objects = {

/* Begin PBXBuildFile section */
		523985361FC9B51800E44777 /* DetailTableViewController.swift in Sources */ = {isa = PBXBuildFile; fileRef = 523985351FC9B51800E44777 /* DetailTableViewController.swift */; };
		5267BB8A1F950C7400261755 /* AppDelegate.swift in Sources */ = {isa = PBXBuildFile; fileRef = 5267BB891F950C7400261755 /* AppDelegate.swift */; };
		5267BB8F1F950C7400261755 /* Main.storyboard in Resources */ = {isa = PBXBuildFile; fileRef = 5267BB8D1F950C7400261755 /* Main.storyboard */; };
		5267BB911F950C7400261755 /* Assets.xcassets in Resources */ = {isa = PBXBuildFile; fileRef = 5267BB901F950C7400261755 /* Assets.xcassets */; };
		5267BB941F950C7400261755 /* LaunchScreen.storyboard in Resources */ = {isa = PBXBuildFile; fileRef = 5267BB921F950C7400261755 /* LaunchScreen.storyboard */; };
		5267BB9F1F950C7400261755 /* aTests.swift in Sources */ = {isa = PBXBuildFile; fileRef = 5267BB9E1F950C7400261755 /* aTests.swift */; };
		5267BBAA1F950C7400261755 /* aUITests.swift in Sources */ = {isa = PBXBuildFile; fileRef = 5267BBA91F950C7400261755 /* aUITests.swift */; };
		5267BBB81FA0B28F00261755 /* MasterViewControllerTableViewController.swift in Sources */ = {isa = PBXBuildFile; fileRef = 5267BBB71FA0B28F00261755 /* MasterViewControllerTableViewController.swift */; };
		5267BBBA1FA0B50C00261755 /* Album.swift in Sources */ = {isa = PBXBuildFile; fileRef = 5267BBB91FA0B50C00261755 /* Album.swift */; };
/* End PBXBuildFile section */

/* Begin PBXContainerItemProxy section */
		5267BB9B1F950C7400261755 /* PBXContainerItemProxy */ = {
			isa = PBXContainerItemProxy;
			containerPortal = 5267BB7E1F950C7400261755 /* Project object */;
			proxyType = 1;
			remoteGlobalIDString = 5267BB851F950C7400261755;
			remoteInfo = a;
		};
		5267BBA61F950C7400261755 /* PBXContainerItemProxy */ = {
			isa = PBXContainerItemProxy;
			containerPortal = 5267BB7E1F950C7400261755 /* Project object */;
			proxyType = 1;
			remoteGlobalIDString = 5267BB851F950C7400261755;
			remoteInfo = a;
		};
/* End PBXContainerItemProxy section */

/* Begin PBXFileReference section */
		523985351FC9B51800E44777 /* DetailTableViewController.swift */ = {isa = PBXFileReference; fileEncoding = 4; lastKnownFileType = sourcecode.swift; path = DetailTableViewController.swift; sourceTree = "<group>"; };
		5267BB861F950C7400261755 /* a.app */ = {isa = PBXFileReference; explicitFileType = wrapper.application; includeInIndex = 0; path = a.app; sourceTree = BUILT_PRODUCTS_DIR; };
		5267BB891F950C7400261755 /* AppDelegate.swift */ = {isa = PBXFileReference; lastKnownFileType = sourcecode.swift; path = AppDelegate.swift; sourceTree = "<group>"; };
		5267BB8E1F950C7400261755 /* Base */ = {isa = PBXFileReference; lastKnownFileType = file.storyboard; name = Base; path = Base.lproj/Main.storyboard; sourceTree = "<group>"; };
		5267BB901F950C7400261755 /* Assets.xcassets */ = {isa = PBXFileReference; lastKnownFileType = folder.assetcatalog; path = Assets.xcassets; sourceTree = "<group>"; };
		5267BB931F950C7400261755 /* Base */ = {isa = PBXFileReference; lastKnownFileType = file.storyboard; name = Base; path = Base.lproj/LaunchScreen.storyboard; sourceTree = "<group>"; };
		5267BB951F950C7400261755 /* Info.plist */ = {isa = PBXFileReference; lastKnownFileType = text.plist.xml; path = Info.plist; sourceTree = "<group>"; };
		5267BB9A1F950C7400261755 /* aTests.xctest */ = {isa = PBXFileReference; explicitFileType = wrapper.cfbundle; includeInIndex = 0; path = aTests.xctest; sourceTree = BUILT_PRODUCTS_DIR; };
		5267BB9E1F950C7400261755 /* aTests.swift */ = {isa = PBXFileReference; lastKnownFileType = sourcecode.swift; path = aTests.swift; sourceTree = "<group>"; };
		5267BBA01F950C7400261755 /* Info.plist */ = {isa = PBXFileReference; lastKnownFileType = text.plist.xml; path = Info.plist; sourceTree = "<group>"; };
		5267BBA51F950C7400261755 /* aUITests.xctest */ = {isa = PBXFileReference; explicitFileType = wrapper.cfbundle; includeInIndex = 0; path = aUITests.xctest; sourceTree = BUILT_PRODUCTS_DIR; };
		5267BBA91F950C7400261755 /* aUITests.swift */ = {isa = PBXFileReference; lastKnownFileType = sourcecode.swift; path = aUITests.swift; sourceTree = "<group>"; };
		5267BBAB1F950C7400261755 /* Info.plist */ = {isa = PBXFileReference; lastKnownFileType = text.plist.xml; path = Info.plist; sourceTree = "<group>"; };
		5267BBB71FA0B28F00261755 /* MasterViewControllerTableViewController.swift */ = {isa = PBXFileReference; fileEncoding = 4; lastKnownFileType = sourcecode.swift; path = MasterViewControllerTableViewController.swift; sourceTree = "<group>"; };
		5267BBB91FA0B50C00261755 /* Album.swift */ = {isa = PBXFileReference; fileEncoding = 4; lastKnownFileType = sourcecode.swift; path = Album.swift; sourceTree = "<group>"; };
/* End PBXFileReference section */

/* Begin PBXFrameworksBuildPhase section */
		5267BB831F950C7400261755 /* Frameworks */ = {
			isa = PBXFrameworksBuildPhase;
			buildActionMask = 2147483647;
			files = (
			);
			runOnlyForDeploymentPostprocessing = 0;
		};
		5267BB971F950C7400261755 /* Frameworks */ = {
			isa = PBXFrameworksBuildPhase;
			buildActionMask = 2147483647;
			files = (
			);
			runOnlyForDeploymentPostprocessing = 0;
		};
		5267BBA21F950C7400261755 /* Frameworks */ = {
			isa = PBXFrameworksBuildPhase;
			buildActionMask = 2147483647;
			files = (
			);
			runOnlyForDeploymentPostprocessing = 0;
		};
/* End PBXFrameworksBuildPhase section */

/* Begin PBXGroup section */
		5267BB7D1F950C7400261755 = {
			isa = PBXGroup;
			children = (
				5267BB881F950C7400261755 /* a */,
				5267BB9D1F950C7400261755 /* aTests */,
				5267BBA81F950C7400261755 /* aUITests */,
				5267BB871F950C7400261755 /* Products */,
			);
			sourceTree = "<group>";
		};
		5267BB871F950C7400261755 /* Products */ = {
			isa = PBXGroup;
			children = (
				5267BB861F950C7400261755 /* a.app */,
				5267BB9A1F950C7400261755 /* aTests.xctest */,
				5267BBA51F950C7400261755 /* aUITests.xctest */,
			);
			name = Products;
			sourceTree = "<group>";
		};
		5267BB881F950C7400261755 /* a */ = {
			isa = PBXGroup;
			children = (
				5267BB891F950C7400261755 /* AppDelegate.swift */,
				523985351FC9B51800E44777 /* DetailTableViewController.swift */,
				5267BB8D1F950C7400261755 /* Main.storyboard */,
				5267BBB91FA0B50C00261755 /* Album.swift */,
				5267BBB71FA0B28F00261755 /* MasterViewControllerTableViewController.swift */,
				5267BB901F950C7400261755 /* Assets.xcassets */,
				5267BB921F950C7400261755 /* LaunchScreen.storyboard */,
				5267BB951F950C7400261755 /* Info.plist */,
			);
			path = a;
			sourceTree = "<group>";
		};
		5267BB9D1F950C7400261755 /* aTests */ = {
			isa = PBXGroup;
			children = (
				5267BB9E1F950C7400261755 /* aTests.swift */,
				5267BBA01F950C7400261755 /* Info.plist */,
			);
			path = aTests;
			sourceTree = "<group>";
		};
		5267BBA81F950C7400261755 /* aUITests */ = {
			isa = PBXGroup;
			children = (
				5267BBA91F950C7400261755 /* aUITests.swift */,
				5267BBAB1F950C7400261755 /* Info.plist */,
			);
			path = aUITests;
			sourceTree = "<group>";
		};
/* End PBXGroup section */

/* Begin PBXNativeTarget section */
		5267BB851F950C7400261755 /* a */ = {
			isa = PBXNativeTarget;
			buildConfigurationList = 5267BBAE1F950C7400261755 /* Build configuration list for PBXNativeTarget "a" */;
			buildPhases = (
				5267BB821F950C7400261755 /* Sources */,
				5267BB831F950C7400261755 /* Frameworks */,
				5267BB841F950C7400261755 /* Resources */,
			);
			buildRules = (
			);
			dependencies = (
			);
			name = a;
			productName = a;
			productReference = 5267BB861F950C7400261755 /* a.app */;
			productType = "com.apple.product-type.application";
		};
		5267BB991F950C7400261755 /* aTests */ = {
			isa = PBXNativeTarget;
			buildConfigurationList = 5267BBB11F950C7400261755 /* Build configuration list for PBXNativeTarget "aTests" */;
			buildPhases = (
				5267BB961F950C7400261755 /* Sources */,
				5267BB971F950C7400261755 /* Frameworks */,
				5267BB981F950C7400261755 /* Resources */,
			);
			buildRules = (
			);
			dependencies = (
				5267BB9C1F950C7400261755 /* PBXTargetDependency */,
			);
			name = aTests;
			productName = aTests;
			productReference = 5267BB9A1F950C7400261755 /* aTests.xctest */;
			productType = "com.apple.product-type.bundle.unit-test";
		};
		5267BBA41F950C7400261755 /* aUITests */ = {
			isa = PBXNativeTarget;
			buildConfigurationList = 5267BBB41F950C7400261755 /* Build configuration list for PBXNativeTarget "aUITests" */;
			buildPhases = (
				5267BBA11F950C7400261755 /* Sources */,
				5267BBA21F950C7400261755 /* Frameworks */,
				5267BBA31F950C7400261755 /* Resources */,
			);
			buildRules = (
			);
			dependencies = (
				5267BBA71F950C7400261755 /* PBXTargetDependency */,
			);
			name = aUITests;
			productName = aUITests;
			productReference = 5267BBA51F950C7400261755 /* aUITests.xctest */;
			productType = "com.apple.product-type.bundle.ui-testing";
		};
/* End PBXNativeTarget section */

/* Begin PBXProject section */
		5267BB7E1F950C7400261755 /* Project object */ = {
			isa = PBXProject;
			attributes = {
				LastSwiftUpdateCheck = 0830;
				LastUpgradeCheck = 0830;
				ORGANIZATIONNAME = "John Smith";
				TargetAttributes = {
					5267BB851F950C7400261755 = {
						CreatedOnToolsVersion = 8.3.3;
						ProvisioningStyle = Automatic;
					};
					5267BB991F950C7400261755 = {
						CreatedOnToolsVersion = 8.3.3;
						ProvisioningStyle = Automatic;
						TestTargetID = 5267BB851F950C7400261755;
					};
					5267BBA41F950C7400261755 = {
						CreatedOnToolsVersion = 8.3.3;
						ProvisioningStyle = Automatic;
						TestTargetID = 5267BB851F950C7400261755;
					};
				};
			};
			buildConfigurationList = 5267BB811F950C7400261755 /* Build configuration list for PBXProject "a" */;
			compatibilityVersion = "Xcode 3.2";
			developmentRegion = English;
			hasScannedForEncodings = 0;
			knownRegions = (
				en,
				Base,
			);
			mainGroup = 5267BB7D1F950C7400261755;
			productRefGroup = 5267BB871F950C7400261755 /* Products */;
			projectDirPath = "";
			projectRoot = "";
			targets = (
				5267BB851F950C7400261755 /* a */,
				5267BB991F950C7400261755 /* aTests */,
				5267BBA41F950C7400261755 /* aUITests */,
			);
		};
/* End PBXProject section */

/* Begin PBXResourcesBuildPhase section */
		5267BB841F950C7400261755 /* Resources */ = {
			isa = PBXResourcesBuildPhase;
			buildActionMask = 2147483647;
			files = (
				5267BB941F950C7400261755 /* LaunchScreen.storyboard in Resources */,
				5267BB911F950C7400261755 /* Assets.xcassets in Resources */,
				5267BB8F1F950C7400261755 /* Main.storyboard in Resources */,
			);
			runOnlyForDeploymentPostprocessing = 0;
		};
		5267BB981F950C7400261755 /* Resources */ = {
			isa = PBXResourcesBuildPhase;
			buildActionMask = 2147483647;
			files = (
			);
			runOnlyForDeploymentPostprocessing = 0;
		};
		5267BBA31F950C7400261755 /* Resources */ = {
			isa = PBXResourcesBuildPhase;
			buildActionMask = 2147483647;
			files = (
			);
			runOnlyForDeploymentPostprocessing = 0;
		};
/* End PBXResourcesBuildPhase section */

/* Begin PBXSourcesBuildPhase section */
		5267BB821F950C7400261755 /* Sources */ = {
			isa = PBXSourcesBuildPhase;
			buildActionMask = 2147483647;
			files = (
				523985361FC9B51800E44777 /* DetailTableViewController.swift in Sources */,
				5267BBB81FA0B28F00261755 /* MasterViewControllerTableViewController.swift in Sources */,
				5267BB8A1F950C7400261755 /* AppDelegate.swift in Sources */,
				5267BBBA1FA0B50C00261755 /* Album.swift in Sources */,
			);
			runOnlyForDeploymentPostprocessing = 0;
		};
		5267BB961F950C7400261755 /* Sources */ = {
			isa = PBXSourcesBuildPhase;
			buildActionMask = 2147483647;
			files = (
				5267BB9F1F950C7400261755 /* aTests.swift in Sources */,
			);
			runOnlyForDeploymentPostprocessing = 0;
		};
		5267BBA11F950C7400261755 /* Sources */ = {
			isa = PBXSourcesBuildPhase;
			buildActionMask = 2147483647;
			files = (
				5267BBAA1F950C7400261755 /* aUITests.swift in Sources */,
			);
			runOnlyForDeploymentPostprocessing = 0;
		};
/* End PBXSourcesBuildPhase section */

/* Begin PBXTargetDependency section */
		5267BB9C1F950C7400261755 /* PBXTargetDependency */ = {
			isa = PBXTargetDependency;
			target = 5267BB851F950C7400261755 /* a */;
			targetProxy = 5267BB9B1F950C7400261755 /* PBXContainerItemProxy */;
		};
		5267BBA71F950C7400261755 /* PBXTargetDependency */ = {
			isa = PBXTargetDependency;
			target = 5267BB851F950C7400261755 /* a */;
			targetProxy = 5267BBA61F950C7400261755 /* PBXContainerItemProxy */;
		};
/* End PBXTargetDependency section */

/* Begin PBXVariantGroup section */
		5267BB8D1F950C7400261755 /* Main.storyboard */ = {
			isa = PBXVariantGroup;
			children = (
				5267BB8E1F950C7400261755 /* Base */,
			);
			name = Main.storyboard;
			sourceTree = "<group>";
		};
		5267BB921F950C7400261755 /* LaunchScreen.storyboard */ = {
			isa = PBXVariantGroup;
			children = (
				5267BB931F950C7400261755 /* Base */,
			);
			name = LaunchScreen.storyboard;
			sourceTree = "<group>";
		};
/* End PBXVariantGroup section */

/* Begin XCBuildConfiguration section */
		5267BBAC1F950C7400261755 /* Debug */ = {
			isa = XCBuildConfiguration;
			buildSettings = {
				ALWAYS_SEARCH_USER_PATHS = NO;
				CLANG_ANALYZER_NONNULL = YES;
				CLANG_ANALYZER_NUMBER_OBJECT_CONVERSION = YES_AGGRESSIVE;
				CLANG_CXX_LANGUAGE_STANDARD = "gnu++0x";
				CLANG_CXX_LIBRARY = "libc++";
				CLANG_ENABLE_MODULES = YES;
				CLANG_ENABLE_OBJC_ARC = YES;
				CLANG_WARN_BOOL_CONVERSION = YES;
				CLANG_WARN_CONSTANT_CONVERSION = YES;
				CLANG_WARN_DIRECT_OBJC_ISA_USAGE = YES_ERROR;
				CLANG_WARN_DOCUMENTATION_COMMENTS = YES;
				CLANG_WARN_EMPTY_BODY = YES;
				CLANG_WARN_ENUM_CONVERSION = YES;
				CLANG_WARN_INFINITE_RECURSION = YES;
				CLANG_WARN_INT_CONVERSION = YES;
				CLANG_WARN_OBJC_ROOT_CLASS = YES_ERROR;
				CLANG_WARN_SUSPICIOUS_MOVE = YES;
				CLANG_WARN_UNREACHABLE_CODE = YES;
				CLANG_WARN__DUPLICATE_METHOD_MATCH = YES;
				"CODE_SIGN_IDENTITY[sdk=iphoneos*]" = "iPhone Developer";
				COPY_PHASE_STRIP = NO;
				DEBUG_INFORMATION_FORMAT = dwarf;
				ENABLE_STRICT_OBJC_MSGSEND = YES;
				ENABLE_TESTABILITY = YES;
				GCC_C_LANGUAGE_STANDARD = gnu99;
				GCC_DYNAMIC_NO_PIC = NO;
				GCC_NO_COMMON_BLOCKS = YES;
				GCC_OPTIMIZATION_LEVEL = 0;
				GCC_PREPROCESSOR_DEFINITIONS = (
					"DEBUG=1",
					"$(inherited)",
				);
				GCC_WARN_64_TO_32_BIT_CONVERSION = YES;
				GCC_WARN_ABOUT_RETURN_TYPE = YES_ERROR;
				GCC_WARN_UNDECLARED_SELECTOR = YES;
				GCC_WARN_UNINITIALIZED_AUTOS = YES_AGGRESSIVE;
				GCC_WARN_UNUSED_FUNCTION = YES;
				GCC_WARN_UNUSED_VARIABLE = YES;
				IPHONEOS_DEPLOYMENT_TARGET = 10.3;
				MTL_ENABLE_DEBUG_INFO = YES;
				ONLY_ACTIVE_ARCH = YES;
				SDKROOT = iphoneos;
				SWIFT_ACTIVE_COMPILATION_CONDITIONS = DEBUG;
				SWIFT_OPTIMIZATION_LEVEL = "-Onone";
			};
			name = Debug;
		};
		5267BBAD1F950C7400261755 /* Release */ = {
			isa = XCBuildConfiguration;
			buildSettings = {
				ALWAYS_SEARCH_USER_PATHS = NO;
				CLANG_ANALYZER_NONNULL = YES;
				CLANG_ANALYZER_NUMBER_OBJECT_CONVERSION = YES_AGGRESSIVE;
				CLANG_CXX_LANGUAGE_STANDARD = "gnu++0x";
				CLANG_CXX_LIBRARY = "libc++";
				CLANG_ENABLE_MODULES = YES;
				CLANG_ENABLE_OBJC_ARC = YES;
				CLANG_WARN_BOOL_CONVERSION = YES;
				CLANG_WARN_CONSTANT_CONVERSION = YES;
				CLANG_WARN_DIRECT_OBJC_ISA_USAGE = YES_ERROR;
				CLANG_WARN_DOCUMENTATION_COMMENTS = YES;
				CLANG_WARN_EMPTY_BODY = YES;
				CLANG_WARN_ENUM_CONVERSION = YES;
				CLANG_WARN_INFINITE_RECURSION = YES;
				CLANG_WARN_INT_CONVERSION = YES;
				CLANG_WARN_OBJC_ROOT_CLASS = YES_ERROR;
				CLANG_WARN_SUSPICIOUS_MOVE = YES;
				CLANG_WARN_UNREACHABLE_CODE = YES;
				CLANG_WARN__DUPLICATE_METHOD_MATCH = YES;
				"CODE_SIGN_IDENTITY[sdk=iphoneos*]" = "iPhone Developer";
				COPY_PHASE_STRIP = NO;
				DEBUG_INFORMATION_FORMAT = "dwarf-with-dsym";
				ENABLE_NS_ASSERTIONS = NO;
				ENABLE_STRICT_OBJC_MSGSEND = YES;
				GCC_C_LANGUAGE_STANDARD = gnu99;
				GCC_NO_COMMON_BLOCKS = YES;
				GCC_WARN_64_TO_32_BIT_CONVERSION = YES;
				GCC_WARN_ABOUT_RETURN_TYPE = YES_ERROR;
				GCC_WARN_UNDECLARED_SELECTOR = YES;
				GCC_WARN_UNINITIALIZED_AUTOS = YES_AGGRESSIVE;
				GCC_WARN_UNUSED_FUNCTION = YES;
				GCC_WARN_UNUSED_VARIABLE = YES;
				IPHONEOS_DEPLOYMENT_TARGET = 10.3;
				MTL_ENABLE_DEBUG_INFO = NO;
				SDKROOT = iphoneos;
				SWIFT_OPTIMIZATION_LEVEL = "-Owholemodule";
				VALIDATE_PRODUCT = YES;
			};
			name = Release;
		};
		5267BBAF1F950C7400261755 /* Debug */ = {
			isa = XCBuildConfiguration;
			buildSettings = {
				ASSETCATALOG_COMPILER_APPICON_NAME = AppIcon;
				INFOPLIST_FILE = a/Info.plist;
				IPHONEOS_DEPLOYMENT_TARGET = 10.2;
				LD_RUNPATH_SEARCH_PATHS = "$(inherited) @executable_path/Frameworks";
				PRODUCT_BUNDLE_IDENTIFIER = a.a;
				PRODUCT_NAME = "$(TARGET_NAME)";
				SWIFT_VERSION = 3.0;
			};
			name = Debug;
		};
		5267BBB01F950C7400261755 /* Release */ = {
			isa = XCBuildConfiguration;
			buildSettings = {
				ASSETCATALOG_COMPILER_APPICON_NAME = AppIcon;
				INFOPLIST_FILE = a/Info.plist;
				IPHONEOS_DEPLOYMENT_TARGET = 10.2;
				LD_RUNPATH_SEARCH_PATHS = "$(inherited) @executable_path/Frameworks";
				PRODUCT_BUNDLE_IDENTIFIER = a.a;
				PRODUCT_NAME = "$(TARGET_NAME)";
				SWIFT_VERSION = 3.0;
			};
			name = Release;
		};
		5267BBB21F950C7400261755 /* Debug */ = {
			isa = XCBuildConfiguration;
			buildSettings = {
				ALWAYS_EMBED_SWIFT_STANDARD_LIBRARIES = YES;
				BUNDLE_LOADER = "$(TEST_HOST)";
				INFOPLIST_FILE = aTests/Info.plist;
				LD_RUNPATH_SEARCH_PATHS = "$(inherited) @executable_path/Frameworks @loader_path/Frameworks";
				PRODUCT_BUNDLE_IDENTIFIER = a.aTests;
				PRODUCT_NAME = "$(TARGET_NAME)";
				SWIFT_VERSION = 3.0;
				TEST_HOST = "$(BUILT_PRODUCTS_DIR)/a.app/a";
			};
			name = Debug;
		};
		5267BBB31F950C7400261755 /* Release */ = {
			isa = XCBuildConfiguration;
			buildSettings = {
				ALWAYS_EMBED_SWIFT_STANDARD_LIBRARIES = YES;
				BUNDLE_LOADER = "$(TEST_HOST)";
				INFOPLIST_FILE = aTests/Info.plist;
				LD_RUNPATH_SEARCH_PATHS = "$(inherited) @executable_path/Frameworks @loader_path/Frameworks";
				PRODUCT_BUNDLE_IDENTIFIER = a.aTests;
				PRODUCT_NAME = "$(TARGET_NAME)";
				SWIFT_VERSION = 3.0;
				TEST_HOST = "$(BUILT_PRODUCTS_DIR)/a.app/a";
			};
			name = Release;
		};
		5267BBB51F950C7400261755 /* Debug */ = {
			isa = XCBuildConfiguration;
			buildSettings = {
				ALWAYS_EMBED_SWIFT_STANDARD_LIBRARIES = YES;
				INFOPLIST_FILE = aUITests/Info.plist;
				LD_RUNPATH_SEARCH_PATHS = "$(inherited) @executable_path/Frameworks @loader_path/Frameworks";
				PRODUCT_BUNDLE_IDENTIFIER = a.aUITests;
				PRODUCT_NAME = "$(TARGET_NAME)";
				SWIFT_VERSION = 3.0;
				TEST_TARGET_NAME = a;
			};
			name = Debug;
		};
		5267BBB61F950C7400261755 /* Release */ = {
			isa = XCBuildConfiguration;
			buildSettings = {
				ALWAYS_EMBED_SWIFT_STANDARD_LIBRARIES = YES;
				INFOPLIST_FILE = aUITests/Info.plist;
				LD_RUNPATH_SEARCH_PATHS = "$(inherited) @executable_path/Frameworks @loader_path/Frameworks";
				PRODUCT_BUNDLE_IDENTIFIER = a.aUITests;
				PRODUCT_NAME = "$(TARGET_NAME)";
				SWIFT_VERSION = 3.0;
				TEST_TARGET_NAME = a;
			};
			name = Release;
		};
/* End XCBuildConfiguration section */

/* Begin XCConfigurationList section */
		5267BB811F950C7400261755 /* Build configuration list for PBXProject "a" */ = {
			isa = XCConfigurationList;
			buildConfigurations = (
				5267BBAC1F950C7400261755 /* Debug */,
				5267BBAD1F950C7400261755 /* Release */,
			);
			defaultConfigurationIsVisible = 0;
			defaultConfigurationName = Release;
		};
		5267BBAE1F950C7400261755 /* Build configuration list for PBXNativeTarget "a" */ = {
			isa = XCConfigurationList;
			buildConfigurations = (
				5267BBAF1F950C7400261755 /* Debug */,
				5267BBB01F950C7400261755 /* Release */,
			);
			defaultConfigurationIsVisible = 0;
			defaultConfigurationName = Release;
		};
		5267BBB11F950C7400261755 /* Build configuration list for PBXNativeTarget "aTests" */ = {
			isa = XCConfigurationList;
			buildConfigurations = (
				5267BBB21F950C7400261755 /* Debug */,
				5267BBB31F950C7400261755 /* Release */,
			);
			defaultConfigurationIsVisible = 0;
			defaultConfigurationName = Release;
		};
		5267BBB41F950C7400261755 /* Build configuration list for PBXNativeTarget "aUITests" */ = {
			isa = XCConfigurationList;
			buildConfigurations = (
				5267BBB51F950C7400261755 /* Debug */,
				5267BBB61F950C7400261755 /* Release */,
			);
			defaultConfigurationIsVisible = 0;
			defaultConfigurationName = Release;
		};
/* End XCConfigurationList section */
	};
	rootObject = 5267BB7E1F950C7400261755 /* Project object */;
}
